
Microsoft Visual Studio Solution File, Format Version 12.00
# Visual Studio Version 17
VisualStudioVersion = 17.4.33213.308
MinimumVisualStudioVersion = 10.0.40219.1
Project("{FAE04EC0-301F-11D3-BF4B-00C04F79EFBC}") = "GUI_v0.1.2-b", "GUI_v0.1.2-b\GUI_v0.1.2-b.csproj", "{A3BFD902-998D-4AA2-BB16-4EC3A256260A}"
EndProject
Global
	GlobalSection(SolutionConfigurationPlatforms) = preSolution
		Debug|Any CPU = Debug|Any CPU
		Release|Any CPU = Release|Any CPU
	EndGlobalSection
	GlobalSection(ProjectConfigurationPlatforms) = postSolution
		{A3BFD902-998D-4AA2-BB16-4EC3A256260A}.Debug|Any CPU.ActiveCfg = Debug|Any CPU
		{A3BFD902-998D-4AA2-BB16-4EC3A256260A}.Debug|Any CPU.Build.0 = Debug|Any CPU
		{A3BFD902-998D-4AA2-BB16-4EC3A256260A}.Release|Any CPU.ActiveCfg = Release|Any CPU
		{A3BFD902-998D-4AA2-BB16-4EC3A256260A}.Release|Any CPU.Build.0 = Release|Any CPU
	EndGlobalSection
	GlobalSection(SolutionProperties) = preSolution
		HideSolutionNode = FALSE
	EndGlobalSection
	GlobalSection(ExtensibilityGlobals) = postSolution
		SolutionGuid = {BF72D5A7-7C96-4E1D-9818-5DD7D79605CA}
	EndGlobalSection
EndGlobal
