
Microsoft Visual Studio Solution File, Format Version 12.00
# Visual Studio Version 17
VisualStudioVersion = 17.4.33213.308
MinimumVisualStudioVersion = 10.0.40219.1
Project("{FAE04EC0-301F-11D3-BF4B-00C04F79EFBC}") = "Compiler", "Compiler\Compiler.csproj", "{4BB9A3D7-F34C-4C1F-9960-64ADA72C7E5B}"
EndProject
Global
	GlobalSection(SolutionConfigurationPlatforms) = preSolution
		Debug|Any CPU = Debug|Any CPU
		Release|Any CPU = Release|Any CPU
	EndGlobalSection
	GlobalSection(ProjectConfigurationPlatforms) = postSolution
		{4BB9A3D7-F34C-4C1F-9960-64ADA72C7E5B}.Debug|Any CPU.ActiveCfg = Debug|Any CPU
		{4BB9A3D7-F34C-4C1F-9960-64ADA72C7E5B}.Debug|Any CPU.Build.0 = Debug|Any CPU
		{4BB9A3D7-F34C-4C1F-9960-64ADA72C7E5B}.Release|Any CPU.ActiveCfg = Release|Any CPU
		{4BB9A3D7-F34C-4C1F-9960-64ADA72C7E5B}.Release|Any CPU.Build.0 = Release|Any CPU
	EndGlobalSection
	GlobalSection(SolutionProperties) = preSolution
		HideSolutionNode = FALSE
	EndGlobalSection
	GlobalSection(ExtensibilityGlobals) = postSolution
		SolutionGuid = {1BF56DD9-830B-4524-B859-E6B7A2D58CDE}
	EndGlobalSection
EndGlobal
